
Microsoft Visual Studio Solution File, Format Version 12.00
# Visual Studio Version 16
VisualStudioVersion = 16.0.29519.181
MinimumVisualStudioVersion = 10.0.40219.1
Project("{FAE04EC0-301F-11D3-BF4B-00C04F79EFBC}") = "FilterSortPagingApp", "FilterSortPagingApp\FilterSortPagingApp.csproj", "{691EA512-9401-44FE-8E71-7625BF2C57BB}"
EndProject
Global
	GlobalSection(SolutionConfigurationPlatforms) = preSolution
		Debug|Any CPU = Debug|Any CPU
		Release|Any CPU = Release|Any CPU
	EndGlobalSection
	GlobalSection(ProjectConfigurationPlatforms) = postSolution
		{691EA512-9401-44FE-8E71-7625BF2C57BB}.Debug|Any CPU.ActiveCfg = Debug|Any CPU
		{691EA512-9401-44FE-8E71-7625BF2C57BB}.Debug|Any CPU.Build.0 = Debug|Any CPU
		{691EA512-9401-44FE-8E71-7625BF2C57BB}.Release|Any CPU.ActiveCfg = Release|Any CPU
		{691EA512-9401-44FE-8E71-7625BF2C57BB}.Release|Any CPU.Build.0 = Release|Any CPU
	EndGlobalSection
	GlobalSection(SolutionProperties) = preSolution
		HideSolutionNode = FALSE
	EndGlobalSection
	GlobalSection(ExtensibilityGlobals) = postSolution
		SolutionGuid = {03ED39B1-CA33-44DA-B74C-9D0576771CFA}
	EndGlobalSection
EndGlobal
